
Microsoft Visual Studio Solution File, Format Version 12.00
# Visual Studio Version 17
VisualStudioVersion = 17.4.33213.308
MinimumVisualStudioVersion = 10.0.40219.1
Project("{2150E333-8FDC-42A3-9474-1A3956D46DE8}") = "Services", "Services", "{E0769CA6-C740-4CF0-888E-99DCCB0C2FA0}"
EndProject
Project("{2150E333-8FDC-42A3-9474-1A3956D46DE8}") = "Gateways", "Gateways", "{74813029-FCF6-4ACE-BBA1-9F3AAF5834D8}"
EndProject
Project("{2150E333-8FDC-42A3-9474-1A3956D46DE8}") = "Jobs", "Jobs", "{D5E5EE62-284A-480C-8208-4DB662C27582}"
EndProject
Project("{FAE04EC0-301F-11D3-BF4B-00C04F79EFBC}") = "Clothes.GatewayApi", "Gateways\Clothes.GatewayApi\Clothes.GatewayApi.csproj", "{B1F904BA-57CA-4A60-B987-F593FCA37038}"
EndProject
Project("{FAE04EC0-301F-11D3-BF4B-00C04F79EFBC}") = "HD.Wallet.Shared", "HD.Wallet.Shared\HD.Wallet.Shared.csproj", "{6D39C00C-2414-4289-8A88-1383AD126AD9}"
EndProject
Project("{FAE04EC0-301F-11D3-BF4B-00C04F79EFBC}") = "HD.Wallet.Account.Service", "Services\HD.Wallet.Account.Service\HD.Wallet.Account.Service.csproj", "{B341D7A2-0D9A-4471-ADE1-223CA8D33F15}"
EndProject
Project("{FAE04EC0-301F-11D3-BF4B-00C04F79EFBC}") = "HD.Wallet.Transaction.Service", "Services\HD.Wallet.Transaction.Service\HD.Wallet.Transaction.Service.csproj", "{162C57C3-815D-4A34-9564-548FD4E0BB88}"
EndProject
Global
	GlobalSection(SolutionConfigurationPlatforms) = preSolution
		Debug|Any CPU = Debug|Any CPU
		Release|Any CPU = Release|Any CPU
	EndGlobalSection
	GlobalSection(ProjectConfigurationPlatforms) = postSolution
		{B1F904BA-57CA-4A60-B987-F593FCA37038}.Debug|Any CPU.ActiveCfg = Debug|Any CPU
		{B1F904BA-57CA-4A60-B987-F593FCA37038}.Debug|Any CPU.Build.0 = Debug|Any CPU
		{B1F904BA-57CA-4A60-B987-F593FCA37038}.Release|Any CPU.ActiveCfg = Release|Any CPU
		{B1F904BA-57CA-4A60-B987-F593FCA37038}.Release|Any CPU.Build.0 = Release|Any CPU
		{6D39C00C-2414-4289-8A88-1383AD126AD9}.Debug|Any CPU.ActiveCfg = Debug|Any CPU
		{6D39C00C-2414-4289-8A88-1383AD126AD9}.Debug|Any CPU.Build.0 = Debug|Any CPU
		{6D39C00C-2414-4289-8A88-1383AD126AD9}.Release|Any CPU.ActiveCfg = Release|Any CPU
		{6D39C00C-2414-4289-8A88-1383AD126AD9}.Release|Any CPU.Build.0 = Release|Any CPU
		{B341D7A2-0D9A-4471-ADE1-223CA8D33F15}.Debug|Any CPU.ActiveCfg = Debug|Any CPU
		{B341D7A2-0D9A-4471-ADE1-223CA8D33F15}.Debug|Any CPU.Build.0 = Debug|Any CPU
		{B341D7A2-0D9A-4471-ADE1-223CA8D33F15}.Release|Any CPU.ActiveCfg = Release|Any CPU
		{B341D7A2-0D9A-4471-ADE1-223CA8D33F15}.Release|Any CPU.Build.0 = Release|Any CPU
		{162C57C3-815D-4A34-9564-548FD4E0BB88}.Debug|Any CPU.ActiveCfg = Debug|Any CPU
		{162C57C3-815D-4A34-9564-548FD4E0BB88}.Debug|Any CPU.Build.0 = Debug|Any CPU
		{162C57C3-815D-4A34-9564-548FD4E0BB88}.Release|Any CPU.ActiveCfg = Release|Any CPU
		{162C57C3-815D-4A34-9564-548FD4E0BB88}.Release|Any CPU.Build.0 = Release|Any CPU
	EndGlobalSection
	GlobalSection(SolutionProperties) = preSolution
		HideSolutionNode = FALSE
	EndGlobalSection
	GlobalSection(NestedProjects) = preSolution
		{B1F904BA-57CA-4A60-B987-F593FCA37038} = {74813029-FCF6-4ACE-BBA1-9F3AAF5834D8}
		{B341D7A2-0D9A-4471-ADE1-223CA8D33F15} = {E0769CA6-C740-4CF0-888E-99DCCB0C2FA0}
		{162C57C3-815D-4A34-9564-548FD4E0BB88} = {E0769CA6-C740-4CF0-888E-99DCCB0C2FA0}
	EndGlobalSection
	GlobalSection(ExtensibilityGlobals) = postSolution
		SolutionGuid = {51B6B32F-5378-4CAF-AA5D-41043029C035}
	EndGlobalSection
EndGlobal
